
Microsoft Visual Studio Solution File, Format Version 11.00
# Visual Studio 2010
Project("{FAE04EC0-301F-11D3-BF4B-00C04F79EFBC}") = "ARkit1.5PORTAL", "Assembly-CSharp.csproj", "{9603A183-1D37-8F47-2822-4FE90715536D}"
EndProject
Project("{FAE04EC0-301F-11D3-BF4B-00C04F79EFBC}") = "ARkit1.5PORTAL", "Assembly-CSharp-Editor.csproj", "{ACADB237-DE1D-1BE2-3E1E-3F43DAD97A15}"
EndProject
Global
	GlobalSection(SolutionConfigurationPlatforms) = preSolution
		Debug|Any CPU = Debug|Any CPU
		Release|Any CPU = Release|Any CPU
	EndGlobalSection
	GlobalSection(ProjectConfigurationPlatforms) = postSolution
		{9603A183-1D37-8F47-2822-4FE90715536D}.Debug|Any CPU.ActiveCfg = Debug|Any CPU
		{9603A183-1D37-8F47-2822-4FE90715536D}.Debug|Any CPU.Build.0 = Debug|Any CPU
		{9603A183-1D37-8F47-2822-4FE90715536D}.Release|Any CPU.ActiveCfg = Release|Any CPU
		{9603A183-1D37-8F47-2822-4FE90715536D}.Release|Any CPU.Build.0 = Release|Any CPU
		{ACADB237-DE1D-1BE2-3E1E-3F43DAD97A15}.Debug|Any CPU.ActiveCfg = Debug|Any CPU
		{ACADB237-DE1D-1BE2-3E1E-3F43DAD97A15}.Debug|Any CPU.Build.0 = Debug|Any CPU
		{ACADB237-DE1D-1BE2-3E1E-3F43DAD97A15}.Release|Any CPU.ActiveCfg = Release|Any CPU
		{ACADB237-DE1D-1BE2-3E1E-3F43DAD97A15}.Release|Any CPU.Build.0 = Release|Any CPU
	EndGlobalSection
	GlobalSection(SolutionProperties) = preSolution
		HideSolutionNode = FALSE
	EndGlobalSection
	GlobalSection(MonoDevelopProperties) = preSolution
		StartupItem = Assembly-CSharp.csproj
	EndGlobalSection
EndGlobal
